
Microsoft Visual Studio Solution File, Format Version 12.00
# Visual Studio 15
VisualStudioVersion = 15.0.27703.2047
MinimumVisualStudioVersion = 10.0.40219.1
Project("{8BC9CEB8-8B4A-11D0-8D11-00A0C91BC942}") = "ArraysAndVectors", "ArraysAndVectors\ArraysAndVectors.vcxproj", "{38E42DFE-1B90-4CB4-A29C-3D7CAC070B72}"
EndProject
Global
	GlobalSection(SolutionConfigurationPlatforms) = preSolution
		Debug|x64 = Debug|x64
		Debug|x86 = Debug|x86
		Release|x64 = Release|x64
		Release|x86 = Release|x86
	EndGlobalSection
	GlobalSection(ProjectConfigurationPlatforms) = postSolution
		{38E42DFE-1B90-4CB4-A29C-3D7CAC070B72}.Debug|x64.ActiveCfg = Debug|x64
		{38E42DFE-1B90-4CB4-A29C-3D7CAC070B72}.Debug|x64.Build.0 = Debug|x64
		{38E42DFE-1B90-4CB4-A29C-3D7CAC070B72}.Debug|x86.ActiveCfg = Debug|Win32
		{38E42DFE-1B90-4CB4-A29C-3D7CAC070B72}.Debug|x86.Build.0 = Debug|Win32
		{38E42DFE-1B90-4CB4-A29C-3D7CAC070B72}.Release|x64.ActiveCfg = Release|x64
		{38E42DFE-1B90-4CB4-A29C-3D7CAC070B72}.Release|x64.Build.0 = Release|x64
		{38E42DFE-1B90-4CB4-A29C-3D7CAC070B72}.Release|x86.ActiveCfg = Release|Win32
		{38E42DFE-1B90-4CB4-A29C-3D7CAC070B72}.Release|x86.Build.0 = Release|Win32
	EndGlobalSection
	GlobalSection(SolutionProperties) = preSolution
		HideSolutionNode = FALSE
	EndGlobalSection
	GlobalSection(ExtensibilityGlobals) = postSolution
		SolutionGuid = {941B3DB1-0EC6-4EFD-AC9A-797E47C0DCAD}
	EndGlobalSection
EndGlobal
